
Microsoft Visual Studio Solution File, Format Version 12.00
# Visual Studio 15
VisualStudioVersion = 15.0.28307.572
MinimumVisualStudioVersion = 10.0.40219.1
Project("{F184B08F-C81C-45F6-A57F-5ABD9991F28F}") = "Variables_consola", "Variables_consola\Variables_consola.vbproj", "{46499601-E15D-47BE-83B4-AD8FC8BF8530}"
EndProject
Global
	GlobalSection(SolutionConfigurationPlatforms) = preSolution
		Debug|Any CPU = Debug|Any CPU
		Release|Any CPU = Release|Any CPU
	EndGlobalSection
	GlobalSection(ProjectConfigurationPlatforms) = postSolution
		{46499601-E15D-47BE-83B4-AD8FC8BF8530}.Debug|Any CPU.ActiveCfg = Debug|Any CPU
		{46499601-E15D-47BE-83B4-AD8FC8BF8530}.Debug|Any CPU.Build.0 = Debug|Any CPU
		{46499601-E15D-47BE-83B4-AD8FC8BF8530}.Release|Any CPU.ActiveCfg = Release|Any CPU
		{46499601-E15D-47BE-83B4-AD8FC8BF8530}.Release|Any CPU.Build.0 = Release|Any CPU
	EndGlobalSection
	GlobalSection(SolutionProperties) = preSolution
		HideSolutionNode = FALSE
	EndGlobalSection
	GlobalSection(ExtensibilityGlobals) = postSolution
		SolutionGuid = {1DDA0303-09A3-40E7-93EF-124BEFB2B899}
	EndGlobalSection
EndGlobal
